<?xml version="1.0" encoding="utf-8"?>
<Project ToolsVersion="4.0" xmlns="http://schemas.microsoft.com/developer/msbuild/2003">
  <ItemGroup>
    <Filter Include="Исходные файлы">
      <UniqueIdentifier>{4FC737F1-C7A5-4376-A066-2A32D752A2FF}</UniqueIdentifier>
      <Extensions>cpp;c;cc;cxx;c++;cppm;ixx;def;odl;idl;hpj;bat;asm;asmx</Extensions>
    </Filter>
    <Filter Include="Файлы заголовков">
      <UniqueIdentifier>{93995380-89BD-4b04-88EB-625FBE52EBFB}</UniqueIdentifier>
      <Extensions>h;hh;hpp;hxx;h++;hm;inl;inc;ipp;xsd</Extensions>
    </Filter>
    <Filter Include="Файлы ресурсов">
      <UniqueIdentifier>{67DA6AB6-F800-4c08-8B7A-83BB121AAD01}</UniqueIdentifier>
      <Extensions>rc;ico;cur;bmp;dlg;rc2;rct;bin;rgs;gif;jpg;jpeg;jpe;resx;tiff;tif;png;wav;mfcribbon-ms</Extensions>
    </Filter>
  </ItemGroup>
  <ItemGroup>
    <ClCompile Include="Source\main.cpp">
      <Filter>Исходные файлы</Filter>
    </ClCompile>
    <ClCompile Include="Source\Memory.ixx">
      <Filter>Исходные файлы</Filter>
    </ClCompile>
    <ClCompile Include="..\Sandcore\Engine\Optional\Geometry\Geometry.ixx">
      <Filter>Исходные файлы</Filter>
    </ClCompile>
    <ClCompile Include="Source\Planet\Display\Display.ixx">
      <Filter>Исходные файлы</Filter>
    </ClCompile>
    <ClCompile Include="Source\Planet\Display\DisplayElevation.ixx">
      <Filter>Исходные файлы</Filter>
    </ClCompile>
    <ClCompile Include="Source\Planet\Display\DisplayPrecipitation.ixx">
      <Filter>Исходные файлы</Filter>
    </ClCompile>
    <ClCompile Include="Source\Planet\Display\DisplayTemperature.ixx">
      <Filter>Исходные файлы</Filter>
    </ClCompile>
    <ClCompile Include="..\Sandcore\Engine\Common\Vector\Vector3D.ixx">
      <Filter>Исходные файлы</Filter>
    </ClCompile>
    <ClCompile Include="..\Sandcore\Engine\Common\Vector\Vector3DHash.ixx">
      <Filter>Исходные файлы</Filter>
    </ClCompile>
    <ClCompile Include="..\Sandcore\Engine\Common\Vector\Vector2D.ixx">
      <Filter>Исходные файлы</Filter>
    </ClCompile>
    <ClCompile Include="..\Sandcore\Engine\Common\Vector\Vector2DHash.ixx">
      <Filter>Исходные файлы</Filter>
    </ClCompile>
    <ClCompile Include="..\Sandcore\Engine\Common\Array\Array2D.ixx">
      <Filter>Исходные файлы</Filter>
    </ClCompile>
    <ClCompile Include="..\Sandcore\Engine\Common\Array\Array3D.ixx">
      <Filter>Исходные файлы</Filter>
    </ClCompile>
    <ClCompile Include="..\Sandcore\Engine\Common\Image\Image.cpp">
      <Filter>Исходные файлы</Filter>
    </ClCompile>
    <ClCompile Include="..\Sandcore\Engine\Common\Image\Image.ixx">
      <Filter>Исходные файлы</Filter>
    </ClCompile>
    <ClCompile Include="..\Sandcore\Engine\Common\Print\Print.ixx">
      <Filter>Исходные файлы</Filter>
    </ClCompile>
    <ClCompile Include="..\Sandcore\Engine\Graphics\Mesh\Mesh.ixx">
      <Filter>Исходные файлы</Filter>
    </ClCompile>
    <ClCompile Include="..\Sandcore\Engine\Graphics\Program\Program.ixx">
      <Filter>Исходные файлы</Filter>
    </ClCompile>
    <ClCompile Include="..\Sandcore\Engine\Graphics\Program\Shader.ixx">
      <Filter>Исходные файлы</Filter>
    </ClCompile>
    <ClCompile Include="..\Sandcore\Engine\Graphics\Texture\Texture.ixx">
      <Filter>Исходные файлы</Filter>
    </ClCompile>
    <ClCompile Include="..\Sandcore\Engine\Graphics\Texture\Texture2D.ixx">
      <Filter>Исходные файлы</Filter>
    </ClCompile>
    <ClCompile Include="..\Sandcore\Engine\Graphics\Texture\Texture3D.ixx">
      <Filter>Исходные файлы</Filter>
    </ClCompile>
    <ClCompile Include="..\Sandcore\Engine\Graphics\Texture\TextureCubemap.ixx">
      <Filter>Исходные файлы</Filter>
    </ClCompile>
    <ClCompile Include="..\Sandcore\Engine\Graphics\Vertex\Vertex.ixx">
      <Filter>Исходные файлы</Filter>
    </ClCompile>
    <ClCompile Include="..\Sandcore\Engine\Graphics\Window\Event\Event.cpp">
      <Filter>Исходные файлы</Filter>
    </ClCompile>
    <ClCompile Include="..\Sandcore\Engine\Graphics\Window\Event\Event.ixx">
      <Filter>Исходные файлы</Filter>
    </ClCompile>
    <ClCompile Include="..\Sandcore\Engine\Graphics\Window\Window.cpp">
      <Filter>Исходные файлы</Filter>
    </ClCompile>
    <ClCompile Include="..\Sandcore\Engine\Graphics\Window\Window.ixx">
      <Filter>Исходные файлы</Filter>
    </ClCompile>
    <ClCompile Include="..\Sandcore\Engine\Graphics\Framebuffer\Framebuffer.ixx">
      <Filter>Исходные файлы</Filter>
    </ClCompile>
    <ClCompile Include="..\Sandcore\Engine\Graphics\Camera\Camera.cpp">
      <Filter>Исходные файлы</Filter>
    </ClCompile>
    <ClCompile Include="..\Sandcore\Engine\Graphics\Camera\Camera.ixx">
      <Filter>Исходные файлы</Filter>
    </ClCompile>
    <ClCompile Include="..\Sandcore\Engine\Graphics\Canvas\Canvas.ixx">
      <Filter>Исходные файлы</Filter>
    </ClCompile>
    <ClCompile Include="..\Sandcore\Engine\Graphics\Debug\Debug.ixx">
      <Filter>Исходные файлы</Filter>
    </ClCompile>
    <ClCompile Include="..\Sandcore\Engine\Graphics\Drawable\Drawable.ixx">
      <Filter>Исходные файлы</Filter>
    </ClCompile>
    <ClCompile Include="..\Sandcore\Engine\Common\Clock\Clock.ixx">
      <Filter>Исходные файлы</Filter>
    </ClCompile>
    <ClCompile Include="..\Sandcore\Engine\Optional\GLMSupport\Vector3DGLM.ixx">
      <Filter>Исходные файлы</Filter>
    </ClCompile>
  </ItemGroup>
</Project>