<?xml version="1.0" encoding="utf-8"?>
<Project ToolsVersion="4.0" xmlns="http://schemas.microsoft.com/developer/msbuild/2003">
  <ItemGroup>
    <Filter Include="Исходные файлы">
      <UniqueIdentifier>{4FC737F1-C7A5-4376-A066-2A32D752A2FF}</UniqueIdentifier>
      <Extensions>cpp;c;cc;cxx;c++;cppm;ixx;def;odl;idl;hpj;bat;asm;asmx</Extensions>
    </Filter>
    <Filter Include="Файлы заголовков">
      <UniqueIdentifier>{93995380-89BD-4b04-88EB-625FBE52EBFB}</UniqueIdentifier>
      <Extensions>h;hh;hpp;hxx;h++;hm;inl;inc;ipp;xsd</Extensions>
    </Filter>
    <Filter Include="Файлы ресурсов">
      <UniqueIdentifier>{67DA6AB6-F800-4c08-8B7A-83BB121AAD01}</UniqueIdentifier>
      <Extensions>rc;ico;cur;bmp;dlg;rc2;rct;bin;rgs;gif;jpg;jpeg;jpe;resx;tiff;tif;png;wav;mfcribbon-ms</Extensions>
    </Filter>
  </ItemGroup>
  <ItemGroup>
    <ClCompile Include="..\Graphics\Source\Graphics\Sandcore.Graphics.Camera.ixx">
      <Filter>Исходные файлы</Filter>
    </ClCompile>
    <ClCompile Include="..\Graphics\Source\Graphics\Sandcore.Graphics.Canvas.ixx">
      <Filter>Исходные файлы</Filter>
    </ClCompile>
    <ClCompile Include="..\Graphics\Source\Graphics\Sandcore.Graphics.Debug.ixx">
      <Filter>Исходные файлы</Filter>
    </ClCompile>
    <ClCompile Include="..\Graphics\Source\Graphics\Sandcore.Graphics.Display.ixx">
      <Filter>Исходные файлы</Filter>
    </ClCompile>
    <ClCompile Include="..\Graphics\Source\Graphics\Sandcore.Graphics.Framebuffer.ixx">
      <Filter>Исходные файлы</Filter>
    </ClCompile>
    <ClCompile Include="..\Graphics\Source\Graphics\Sandcore.Graphics.Image.ixx">
      <Filter>Исходные файлы</Filter>
    </ClCompile>
    <ClCompile Include="..\Graphics\Source\Graphics\Sandcore.Graphics.Mesh.ixx">
      <Filter>Исходные файлы</Filter>
    </ClCompile>
    <ClCompile Include="..\Graphics\Source\Graphics\Sandcore.Graphics.Mesh.Vertex.ixx">
      <Filter>Исходные файлы</Filter>
    </ClCompile>
    <ClCompile Include="..\Graphics\Source\Graphics\Sandcore.Graphics.Shader.ixx">
      <Filter>Исходные файлы</Filter>
    </ClCompile>
    <ClCompile Include="..\Graphics\Source\Graphics\Sandcore.Graphics.Texture.2D.Array.ixx">
      <Filter>Исходные файлы</Filter>
    </ClCompile>
    <ClCompile Include="..\Graphics\Source\Graphics\Sandcore.Graphics.Texture.2D.ixx">
      <Filter>Исходные файлы</Filter>
    </ClCompile>
    <ClCompile Include="..\Graphics\Source\Graphics\Sandcore.Graphics.Texture.3D.ixx">
      <Filter>Исходные файлы</Filter>
    </ClCompile>
    <ClCompile Include="..\Graphics\Source\Graphics\Sandcore.Graphics.Texture.ixx">
      <Filter>Исходные файлы</Filter>
    </ClCompile>
    <ClCompile Include="..\Graphics\Source\Graphics\Sandcore.Graphics.Window.Events.Implementation.ixx">
      <Filter>Исходные файлы</Filter>
    </ClCompile>
    <ClCompile Include="..\Graphics\Source\Graphics\Sandcore.Graphics.Window.Events.ixx">
      <Filter>Исходные файлы</Filter>
    </ClCompile>
    <ClCompile Include="..\Graphics\Source\Graphics\Sandcore.Graphics.Window.ixx">
      <Filter>Исходные файлы</Filter>
    </ClCompile>
    <ClCompile Include="..\Graphics\Source\Graphics\Sandcore.System.Clock.ixx">
      <Filter>Исходные файлы</Filter>
    </ClCompile>
    <ClCompile Include="..\Graphics\Source\Graphics\Sandcore.System.Timer.ixx">
      <Filter>Исходные файлы</Filter>
    </ClCompile>
    <ClCompile Include="..\Graphics\Libraries\glm\glm.ixx">
      <Filter>Исходные файлы</Filter>
    </ClCompile>
    <ClCompile Include="..\Graphics\Source\Graphics\Sandcore.Graphics.Texture.2D.Cubemap.ixx">
      <Filter>Исходные файлы</Filter>
    </ClCompile>
    <ClCompile Include="Libraries\fastnoise\include\FastNoise.ixx">
      <Filter>Исходные файлы</Filter>
    </ClCompile>
    <ClCompile Include="Libraries\fastnoise\include\FastNoise.cpp">
      <Filter>Исходные файлы</Filter>
    </ClCompile>
    <ClCompile Include="Source\Array2D.ixx">
      <Filter>Исходные файлы</Filter>
    </ClCompile>
    <ClCompile Include="Source\Geometry.ixx">
      <Filter>Исходные файлы</Filter>
    </ClCompile>
    <ClCompile Include="Source\Planet\Display\Display.ixx">
      <Filter>Исходные файлы</Filter>
    </ClCompile>
    <ClCompile Include="Source\Planet\Display\DisplayElevation.ixx">
      <Filter>Исходные файлы</Filter>
    </ClCompile>
    <ClCompile Include="Source\Planet\Display\DisplayTemperature.ixx">
      <Filter>Исходные файлы</Filter>
    </ClCompile>
    <ClCompile Include="Source\Planet\Display\DisplayPrecipitation.ixx">
      <Filter>Исходные файлы</Filter>
    </ClCompile>
    <ClCompile Include="Source\Planet\Display\DisplayIce.ixx">
      <Filter>Исходные файлы</Filter>
    </ClCompile>
    <ClCompile Include="Source\Planet\Display\DisplayDesert.ixx">
      <Filter>Исходные файлы</Filter>
    </ClCompile>
    <ClCompile Include="Source\Planet\Clouds\Display\DisplayClouds.ixx">
      <Filter>Исходные файлы</Filter>
    </ClCompile>
    <ClCompile Include="Source\Planet\Clouds\Clouds.ixx">
      <Filter>Исходные файлы</Filter>
    </ClCompile>
    <ClCompile Include="..\Graphics\Source\Graphics\Sandcore.Graphics.Image.Gradient.ixx">
      <Filter>Исходные файлы</Filter>
    </ClCompile>
    <ClCompile Include="Source\Planet\Planet.ixx">
      <Filter>Исходные файлы</Filter>
    </ClCompile>
    <ClCompile Include="Source\Application.ixx">
      <Filter>Исходные файлы</Filter>
    </ClCompile>
    <ClCompile Include="Source\main.cpp">
      <Filter>Исходные файлы</Filter>
    </ClCompile>
  </ItemGroup>
  <ItemGroup>
    <ClInclude Include="..\Graphics\Source\Graphics\Sandcore.Graphics.OpenGL.hpp">
      <Filter>Файлы заголовков</Filter>
    </ClInclude>
  </ItemGroup>
</Project>